
Microsoft Visual Studio Solution File, Format Version 12.00
# Visual Studio Version 17
VisualStudioVersion = 17.6.33815.320
MinimumVisualStudioVersion = 10.0.40219.1
Project("{FAE04EC0-301F-11D3-BF4B-00C04F79EFBC}") = "EvernoteWPF", "EvernoteWPF\EvernoteWPF.csproj", "{8BA788E5-75AE-4FCE-A6A5-A665074F1DBD}"
EndProject
Global
	GlobalSection(SolutionConfigurationPlatforms) = preSolution
		Debug|Any CPU = Debug|Any CPU
		Release|Any CPU = Release|Any CPU
	EndGlobalSection
	GlobalSection(ProjectConfigurationPlatforms) = postSolution
		{8BA788E5-75AE-4FCE-A6A5-A665074F1DBD}.Debug|Any CPU.ActiveCfg = Debug|Any CPU
		{8BA788E5-75AE-4FCE-A6A5-A665074F1DBD}.Debug|Any CPU.Build.0 = Debug|Any CPU
		{8BA788E5-75AE-4FCE-A6A5-A665074F1DBD}.Release|Any CPU.ActiveCfg = Release|Any CPU
		{8BA788E5-75AE-4FCE-A6A5-A665074F1DBD}.Release|Any CPU.Build.0 = Release|Any CPU
	EndGlobalSection
	GlobalSection(SolutionProperties) = preSolution
		HideSolutionNode = FALSE
	EndGlobalSection
	GlobalSection(ExtensibilityGlobals) = postSolution
		SolutionGuid = {E4A57072-D10C-46CC-9DFE-5B5C63BD1FC9}
	EndGlobalSection
EndGlobal
